
Microsoft Visual Studio Solution File, Format Version 12.00
# Visual Studio 15
VisualStudioVersion = 15.0.28010.2026
MinimumVisualStudioVersion = 10.0.40219.1
Project("{FAE04EC0-301F-11D3-BF4B-00C04F79EFBC}") = "Runner", "DotNetOffline\Runner.csproj", "{AC614416-BEC5-4875-8FF9-AB41C997D7D1}"
EndProject
Project("{FAE04EC0-301F-11D3-BF4B-00C04F79EFBC}") = "Enums", "TrainingOne\Enums.csproj", "{14263468-06CC-42FC-89A2-60B7F71A1FD8}"
EndProject
Project("{FAE04EC0-301F-11D3-BF4B-00C04F79EFBC}") = "Exceptions", "TrainingTwo\Exceptions.csproj", "{737F56B5-BE19-4893-9CB8-BF28CDE0ED11}"
EndProject
Project("{FAE04EC0-301F-11D3-BF4B-00C04F79EFBC}") = "Directories", "TrainingThree\Directories.csproj", "{3573B14D-6E5E-4A64-A11D-3773D0E56769}"
EndProject
Project("{FAE04EC0-301F-11D3-BF4B-00C04F79EFBC}") = "ServiceClasses", "TrainingFour\ServiceClasses.csproj", "{BFF686A6-8086-4091-ADBD-FB6FE87AE2D5}"
EndProject
Project("{FAE04EC0-301F-11D3-BF4B-00C04F79EFBC}") = "Serialization", "TrainingFive\Serialization.csproj", "{43CE1906-AE80-4D63-820D-F5C3B795BDBF}"
EndProject
Project("{FAE04EC0-301F-11D3-BF4B-00C04F79EFBC}") = "StyleCop", "TrainingSix\StyleCop.csproj", "{A5DEA0B4-1BD6-4E24-B58A-FC1A663BA2B1}"
EndProject
Project("{FAE04EC0-301F-11D3-BF4B-00C04F79EFBC}") = "Excel", "Excel\Excel.csproj", "{31C7645A-7671-47E4-AE09-4870140B16E4}"
EndProject
Project("{FAE04EC0-301F-11D3-BF4B-00C04F79EFBC}") = "Calculator", "Calculator\Calculator.csproj", "{36EF36F0-6CA9-406A-AC2F-E8D54533B1A1}"
EndProject
Project("{FAE04EC0-301F-11D3-BF4B-00C04F79EFBC}") = "Reflection", "Reflection\Reflection.csproj", "{48F0A842-00D2-4D93-A02E-F627DA2F09FD}"
EndProject
Global
	GlobalSection(SolutionConfigurationPlatforms) = preSolution
		Debug|Any CPU = Debug|Any CPU
		Release|Any CPU = Release|Any CPU
	EndGlobalSection
	GlobalSection(ProjectConfigurationPlatforms) = postSolution
		{AC614416-BEC5-4875-8FF9-AB41C997D7D1}.Debug|Any CPU.ActiveCfg = Debug|Any CPU
		{AC614416-BEC5-4875-8FF9-AB41C997D7D1}.Debug|Any CPU.Build.0 = Debug|Any CPU
		{AC614416-BEC5-4875-8FF9-AB41C997D7D1}.Release|Any CPU.ActiveCfg = Release|Any CPU
		{AC614416-BEC5-4875-8FF9-AB41C997D7D1}.Release|Any CPU.Build.0 = Release|Any CPU
		{14263468-06CC-42FC-89A2-60B7F71A1FD8}.Debug|Any CPU.ActiveCfg = Debug|Any CPU
		{14263468-06CC-42FC-89A2-60B7F71A1FD8}.Debug|Any CPU.Build.0 = Debug|Any CPU
		{14263468-06CC-42FC-89A2-60B7F71A1FD8}.Release|Any CPU.ActiveCfg = Release|Any CPU
		{14263468-06CC-42FC-89A2-60B7F71A1FD8}.Release|Any CPU.Build.0 = Release|Any CPU
		{737F56B5-BE19-4893-9CB8-BF28CDE0ED11}.Debug|Any CPU.ActiveCfg = Debug|Any CPU
		{737F56B5-BE19-4893-9CB8-BF28CDE0ED11}.Debug|Any CPU.Build.0 = Debug|Any CPU
		{737F56B5-BE19-4893-9CB8-BF28CDE0ED11}.Release|Any CPU.ActiveCfg = Release|Any CPU
		{737F56B5-BE19-4893-9CB8-BF28CDE0ED11}.Release|Any CPU.Build.0 = Release|Any CPU
		{3573B14D-6E5E-4A64-A11D-3773D0E56769}.Debug|Any CPU.ActiveCfg = Debug|Any CPU
		{3573B14D-6E5E-4A64-A11D-3773D0E56769}.Debug|Any CPU.Build.0 = Debug|Any CPU
		{3573B14D-6E5E-4A64-A11D-3773D0E56769}.Release|Any CPU.ActiveCfg = Release|Any CPU
		{3573B14D-6E5E-4A64-A11D-3773D0E56769}.Release|Any CPU.Build.0 = Release|Any CPU
		{BFF686A6-8086-4091-ADBD-FB6FE87AE2D5}.Debug|Any CPU.ActiveCfg = Debug|Any CPU
		{BFF686A6-8086-4091-ADBD-FB6FE87AE2D5}.Debug|Any CPU.Build.0 = Debug|Any CPU
		{BFF686A6-8086-4091-ADBD-FB6FE87AE2D5}.Release|Any CPU.ActiveCfg = Release|Any CPU
		{BFF686A6-8086-4091-ADBD-FB6FE87AE2D5}.Release|Any CPU.Build.0 = Release|Any CPU
		{43CE1906-AE80-4D63-820D-F5C3B795BDBF}.Debug|Any CPU.ActiveCfg = Debug|Any CPU
		{43CE1906-AE80-4D63-820D-F5C3B795BDBF}.Debug|Any CPU.Build.0 = Debug|Any CPU
		{43CE1906-AE80-4D63-820D-F5C3B795BDBF}.Release|Any CPU.ActiveCfg = Release|Any CPU
		{43CE1906-AE80-4D63-820D-F5C3B795BDBF}.Release|Any CPU.Build.0 = Release|Any CPU
		{A5DEA0B4-1BD6-4E24-B58A-FC1A663BA2B1}.Debug|Any CPU.ActiveCfg = Debug|Any CPU
		{A5DEA0B4-1BD6-4E24-B58A-FC1A663BA2B1}.Debug|Any CPU.Build.0 = Debug|Any CPU
		{A5DEA0B4-1BD6-4E24-B58A-FC1A663BA2B1}.Release|Any CPU.ActiveCfg = Release|Any CPU
		{A5DEA0B4-1BD6-4E24-B58A-FC1A663BA2B1}.Release|Any CPU.Build.0 = Release|Any CPU
		{31C7645A-7671-47E4-AE09-4870140B16E4}.Debug|Any CPU.ActiveCfg = Debug|Any CPU
		{31C7645A-7671-47E4-AE09-4870140B16E4}.Debug|Any CPU.Build.0 = Debug|Any CPU
		{31C7645A-7671-47E4-AE09-4870140B16E4}.Release|Any CPU.ActiveCfg = Release|Any CPU
		{31C7645A-7671-47E4-AE09-4870140B16E4}.Release|Any CPU.Build.0 = Release|Any CPU
		{36EF36F0-6CA9-406A-AC2F-E8D54533B1A1}.Debug|Any CPU.ActiveCfg = Debug|Any CPU
		{36EF36F0-6CA9-406A-AC2F-E8D54533B1A1}.Debug|Any CPU.Build.0 = Debug|Any CPU
		{36EF36F0-6CA9-406A-AC2F-E8D54533B1A1}.Release|Any CPU.ActiveCfg = Release|Any CPU
		{36EF36F0-6CA9-406A-AC2F-E8D54533B1A1}.Release|Any CPU.Build.0 = Release|Any CPU
		{48F0A842-00D2-4D93-A02E-F627DA2F09FD}.Debug|Any CPU.ActiveCfg = Debug|Any CPU
		{48F0A842-00D2-4D93-A02E-F627DA2F09FD}.Debug|Any CPU.Build.0 = Debug|Any CPU
		{48F0A842-00D2-4D93-A02E-F627DA2F09FD}.Release|Any CPU.ActiveCfg = Release|Any CPU
		{48F0A842-00D2-4D93-A02E-F627DA2F09FD}.Release|Any CPU.Build.0 = Release|Any CPU
	EndGlobalSection
	GlobalSection(SolutionProperties) = preSolution
		HideSolutionNode = FALSE
	EndGlobalSection
	GlobalSection(ExtensibilityGlobals) = postSolution
		SolutionGuid = {21F82526-C27F-4F47-A23A-B91C27D77AEA}
	EndGlobalSection
EndGlobal
